
Microsoft Visual Studio Solution File, Format Version 12.00
# Visual Studio 14
VisualStudioVersion = 14.0.25420.1
MinimumVisualStudioVersion = 10.0.40219.1
Project("{FAE04EC0-301F-11D3-BF4B-00C04F79EFBC}") = "PIK_Acad_Common", "PIK_Acad_Common\PIK_Acad_Common.csproj", "{A1DD4546-C072-4272-B45B-E9706220CFE8}"
EndProject
Project("{FAE04EC0-301F-11D3-BF4B-00C04F79EFBC}") = "AcadTest", "AcadTest\AcadTest.csproj", "{EEF33DCE-B783-4D6E-AF7A-A9C1C1330828}"
EndProject
Global
	GlobalSection(SolutionConfigurationPlatforms) = preSolution
		Debug|Any CPU = Debug|Any CPU
		Release|Any CPU = Release|Any CPU
	EndGlobalSection
	GlobalSection(ProjectConfigurationPlatforms) = postSolution
		{A1DD4546-C072-4272-B45B-E9706220CFE8}.Debug|Any CPU.ActiveCfg = Debug|Any CPU
		{A1DD4546-C072-4272-B45B-E9706220CFE8}.Debug|Any CPU.Build.0 = Debug|Any CPU
		{A1DD4546-C072-4272-B45B-E9706220CFE8}.Release|Any CPU.ActiveCfg = Release|Any CPU
		{A1DD4546-C072-4272-B45B-E9706220CFE8}.Release|Any CPU.Build.0 = Release|Any CPU
		{EEF33DCE-B783-4D6E-AF7A-A9C1C1330828}.Debug|Any CPU.ActiveCfg = Debug|Any CPU
		{EEF33DCE-B783-4D6E-AF7A-A9C1C1330828}.Debug|Any CPU.Build.0 = Debug|Any CPU
		{EEF33DCE-B783-4D6E-AF7A-A9C1C1330828}.Release|Any CPU.ActiveCfg = Release|Any CPU
		{EEF33DCE-B783-4D6E-AF7A-A9C1C1330828}.Release|Any CPU.Build.0 = Release|Any CPU
	EndGlobalSection
	GlobalSection(SolutionProperties) = preSolution
		HideSolutionNode = FALSE
	EndGlobalSection
EndGlobal
